// !$*UTF8*$!
{
	archiveVersion = 1;
	classes = {
	};
	objectVersion = 56;
	objects = {

/* Begin PBXBuildFile section */
		FA0F72B52A590CF100C94D95 /* CollectionsEditor.swift in Sources */ = {isa = PBXBuildFile; fileRef = FA0F72B42A590CF100C94D95 /* CollectionsEditor.swift */; };
		FA10FD5F2A9A5329007DAE96 /* Library.swift in Sources */ = {isa = PBXBuildFile; fileRef = FA10FD5E2A9A5329007DAE96 /* Library.swift */; };
		FA2D8BDD2A6EFCF7000EE10C /* tab bar.swift in Sources */ = {isa = PBXBuildFile; fileRef = FA2D8BDC2A6EFCF7000EE10C /* tab bar.swift */; };
		FA3F4A092A4C73E60003E18B /* ContentView.swift in Sources */ = {isa = PBXBuildFile; fileRef = FA3F4A082A4C73E60003E18B /* ContentView.swift */; };
		FA3F4A0B2A4C73E70003E18B /* Assets.xcassets in Resources */ = {isa = PBXBuildFile; fileRef = FA3F4A0A2A4C73E70003E18B /* Assets.xcassets */; };
		FA3F4A0E2A4C73E70003E18B /* Preview Assets.xcassets in Resources */ = {isa = PBXBuildFile; fileRef = FA3F4A0D2A4C73E70003E18B /* Preview Assets.xcassets */; };
		FA3F4A182A4C73E70003E18B /* QuoteBookAppTests.swift in Sources */ = {isa = PBXBuildFile; fileRef = FA3F4A172A4C73E70003E18B /* QuoteBookAppTests.swift */; };
		FA3F4A222A4C73E70003E18B /* QuoteBookAppUITests.swift in Sources */ = {isa = PBXBuildFile; fileRef = FA3F4A212A4C73E70003E18B /* QuoteBookAppUITests.swift */; };
		FA3F4A242A4C73E70003E18B /* QuoteBookAppUITestsLaunchTests.swift in Sources */ = {isa = PBXBuildFile; fileRef = FA3F4A232A4C73E70003E18B /* QuoteBookAppUITestsLaunchTests.swift */; };
		FA5A087A2A79AC8D002F139B /* Quote.swift in Sources */ = {isa = PBXBuildFile; fileRef = FA5A08792A79AC8D002F139B /* Quote.swift */; };
		FA5A087C2A79AE9E002F139B /* ViewModel.swift in Sources */ = {isa = PBXBuildFile; fileRef = FA5A087B2A79AE9E002F139B /* ViewModel.swift */; };
		FA708D722A7B1A67000D0BE0 /* why does thi exist.swift in Sources */ = {isa = PBXBuildFile; fileRef = FA708D712A7B1A67000D0BE0 /* why does thi exist.swift */; };
		FADAEF1D2A7948EB00F246EE /* QuoteBookAppApp.swift in Sources */ = {isa = PBXBuildFile; fileRef = FADAEF1C2A7948EB00F246EE /* QuoteBookAppApp.swift */; };
		FAF01E222A6D70E600A960EF /* CollectionsView.swift in Sources */ = {isa = PBXBuildFile; fileRef = FAF01E212A6D70E600A960EF /* CollectionsView.swift */; };
		FAF525A82A740DE500474C13 /* GoogleService-Info.plist in Resources */ = {isa = PBXBuildFile; fileRef = FAF525A72A740DE500474C13 /* GoogleService-Info.plist */; };
		FAF525AB2A740F4200474C13 /* FirebaseFirestore in Frameworks */ = {isa = PBXBuildFile; productRef = FAF525AA2A740F4200474C13 /* FirebaseFirestore */; };
		FAF525AE2A74107400474C13 /* FirebaseAuth in Frameworks */ = {isa = PBXBuildFile; productRef = FAF525AD2A74107400474C13 /* FirebaseAuth */; };
		FAF525B02A74107400474C13 /* FirebaseFirestoreSwift in Frameworks */ = {isa = PBXBuildFile; productRef = FAF525AF2A74107400474C13 /* FirebaseFirestoreSwift */; };
		FAF525B22A74107400474C13 /* FirebaseStorage in Frameworks */ = {isa = PBXBuildFile; productRef = FAF525B12A74107400474C13 /* FirebaseStorage */; };
		FAF525B82A744DEE00474C13 /* AuthViewModel.swift in Sources */ = {isa = PBXBuildFile; fileRef = FAF525B72A744DEE00474C13 /* AuthViewModel.swift */; };
/* End PBXBuildFile section */

/* Begin PBXContainerItemProxy section */
		FA3F4A142A4C73E70003E18B /* PBXContainerItemProxy */ = {
			isa = PBXContainerItemProxy;
			containerPortal = FA3F49FB2A4C73E60003E18B /* Project object */;
			proxyType = 1;
			remoteGlobalIDString = FA3F4A022A4C73E60003E18B;
			remoteInfo = QuoteBookApp;
		};
		FA3F4A1E2A4C73E70003E18B /* PBXContainerItemProxy */ = {
			isa = PBXContainerItemProxy;
			containerPortal = FA3F49FB2A4C73E60003E18B /* Project object */;
			proxyType = 1;
			remoteGlobalIDString = FA3F4A022A4C73E60003E18B;
			remoteInfo = QuoteBookApp;
		};
/* End PBXContainerItemProxy section */

/* Begin PBXFileReference section */
		FA0F72B42A590CF100C94D95 /* CollectionsEditor.swift */ = {isa = PBXFileReference; lastKnownFileType = sourcecode.swift; path = CollectionsEditor.swift; sourceTree = "<group>"; };
		FA10FD5E2A9A5329007DAE96 /* Library.swift */ = {isa = PBXFileReference; lastKnownFileType = sourcecode.swift; path = Library.swift; sourceTree = "<group>"; };
		FA2D8BDC2A6EFCF7000EE10C /* tab bar.swift */ = {isa = PBXFileReference; lastKnownFileType = sourcecode.swift; path = "tab bar.swift"; sourceTree = "<group>"; };
		FA3F4A032A4C73E60003E18B /* QuoteBookApp.app */ = {isa = PBXFileReference; explicitFileType = wrapper.application; includeInIndex = 0; path = QuoteBookApp.app; sourceTree = BUILT_PRODUCTS_DIR; };
		FA3F4A082A4C73E60003E18B /* ContentView.swift */ = {isa = PBXFileReference; lastKnownFileType = sourcecode.swift; path = ContentView.swift; sourceTree = "<group>"; };
		FA3F4A0A2A4C73E70003E18B /* Assets.xcassets */ = {isa = PBXFileReference; lastKnownFileType = folder.assetcatalog; path = Assets.xcassets; sourceTree = "<group>"; };
		FA3F4A0D2A4C73E70003E18B /* Preview Assets.xcassets */ = {isa = PBXFileReference; lastKnownFileType = folder.assetcatalog; path = "Preview Assets.xcassets"; sourceTree = "<group>"; };
		FA3F4A132A4C73E70003E18B /* QuoteBookAppTests.xctest */ = {isa = PBXFileReference; explicitFileType = wrapper.cfbundle; includeInIndex = 0; path = QuoteBookAppTests.xctest; sourceTree = BUILT_PRODUCTS_DIR; };
		FA3F4A172A4C73E70003E18B /* QuoteBookAppTests.swift */ = {isa = PBXFileReference; lastKnownFileType = sourcecode.swift; path = QuoteBookAppTests.swift; sourceTree = "<group>"; };
		FA3F4A1D2A4C73E70003E18B /* QuoteBookAppUITests.xctest */ = {isa = PBXFileReference; explicitFileType = wrapper.cfbundle; includeInIndex = 0; path = QuoteBookAppUITests.xctest; sourceTree = BUILT_PRODUCTS_DIR; };
		FA3F4A212A4C73E70003E18B /* QuoteBookAppUITests.swift */ = {isa = PBXFileReference; lastKnownFileType = sourcecode.swift; path = QuoteBookAppUITests.swift; sourceTree = "<group>"; };
		FA3F4A232A4C73E70003E18B /* QuoteBookAppUITestsLaunchTests.swift */ = {isa = PBXFileReference; lastKnownFileType = sourcecode.swift; path = QuoteBookAppUITestsLaunchTests.swift; sourceTree = "<group>"; };
		FA5A08792A79AC8D002F139B /* Quote.swift */ = {isa = PBXFileReference; lastKnownFileType = sourcecode.swift; path = Quote.swift; sourceTree = "<group>"; };
		FA5A087B2A79AE9E002F139B /* ViewModel.swift */ = {isa = PBXFileReference; lastKnownFileType = sourcecode.swift; path = ViewModel.swift; sourceTree = "<group>"; };
		FA708D712A7B1A67000D0BE0 /* why does thi exist.swift */ = {isa = PBXFileReference; lastKnownFileType = sourcecode.swift; path = "why does thi exist.swift"; sourceTree = "<group>"; };
		FADAEF1C2A7948EB00F246EE /* QuoteBookAppApp.swift */ = {isa = PBXFileReference; lastKnownFileType = sourcecode.swift; path = QuoteBookAppApp.swift; sourceTree = "<group>"; };
		FAF01E212A6D70E600A960EF /* CollectionsView.swift */ = {isa = PBXFileReference; lastKnownFileType = sourcecode.swift; path = CollectionsView.swift; sourceTree = "<group>"; };
		FAF525A72A740DE500474C13 /* GoogleService-Info.plist */ = {isa = PBXFileReference; fileEncoding = 4; lastKnownFileType = text.plist.xml; name = "GoogleService-Info.plist"; path = "../../../../../Downloads/GoogleService-Info.plist"; sourceTree = "<group>"; };
		FAF525B72A744DEE00474C13 /* AuthViewModel.swift */ = {isa = PBXFileReference; lastKnownFileType = sourcecode.swift; path = AuthViewModel.swift; sourceTree = "<group>"; };
/* End PBXFileReference section */

/* Begin PBXFrameworksBuildPhase section */
		FA3F4A002A4C73E60003E18B /* Frameworks */ = {
			isa = PBXFrameworksBuildPhase;
			buildActionMask = 2147483647;
			files = (
				FAF525AB2A740F4200474C13 /* FirebaseFirestore in Frameworks */,
				FAF525B22A74107400474C13 /* FirebaseStorage in Frameworks */,
				FAF525AE2A74107400474C13 /* FirebaseAuth in Frameworks */,
				FAF525B02A74107400474C13 /* FirebaseFirestoreSwift in Frameworks */,
			);
			runOnlyForDeploymentPostprocessing = 0;
		};
		FA3F4A102A4C73E70003E18B /* Frameworks */ = {
			isa = PBXFrameworksBuildPhase;
			buildActionMask = 2147483647;
			files = (
			);
			runOnlyForDeploymentPostprocessing = 0;
		};
		FA3F4A1A2A4C73E70003E18B /* Frameworks */ = {
			isa = PBXFrameworksBuildPhase;
			buildActionMask = 2147483647;
			files = (
			);
			runOnlyForDeploymentPostprocessing = 0;
		};
/* End PBXFrameworksBuildPhase section */

/* Begin PBXGroup section */
		FA3F49FA2A4C73E60003E18B = {
			isa = PBXGroup;
			children = (
				FA3F4A052A4C73E60003E18B /* QuoteBookApp */,
				FA3F4A162A4C73E70003E18B /* QuoteBookAppTests */,
				FA3F4A202A4C73E70003E18B /* QuoteBookAppUITests */,
				FA3F4A042A4C73E60003E18B /* Products */,
			);
			sourceTree = "<group>";
		};
		FA3F4A042A4C73E60003E18B /* Products */ = {
			isa = PBXGroup;
			children = (
				FA3F4A032A4C73E60003E18B /* QuoteBookApp.app */,
				FA3F4A132A4C73E70003E18B /* QuoteBookAppTests.xctest */,
				FA3F4A1D2A4C73E70003E18B /* QuoteBookAppUITests.xctest */,
			);
			name = Products;
			sourceTree = "<group>";
		};
		FA3F4A052A4C73E60003E18B /* QuoteBookApp */ = {
			isa = PBXGroup;
			children = (
				FAF525A72A740DE500474C13 /* GoogleService-Info.plist */,
				FADAEF1C2A7948EB00F246EE /* QuoteBookAppApp.swift */,
				FA58C0FB2A6818FC001B4962 /* Data */,
				FA4E742B2A676E32003A0EEC /* Quotes */,
				FA4E74272A676C82003A0EEC /* Views */,
				FA3F4A0A2A4C73E70003E18B /* Assets.xcassets */,
				FA3F4A0C2A4C73E70003E18B /* Preview Content */,
			);
			path = QuoteBookApp;
			sourceTree = "<group>";
		};
		FA3F4A0C2A4C73E70003E18B /* Preview Content */ = {
			isa = PBXGroup;
			children = (
				FA3F4A0D2A4C73E70003E18B /* Preview Assets.xcassets */,
			);
			path = "Preview Content";
			sourceTree = "<group>";
		};
		FA3F4A162A4C73E70003E18B /* QuoteBookAppTests */ = {
			isa = PBXGroup;
			children = (
				FA3F4A172A4C73E70003E18B /* QuoteBookAppTests.swift */,
			);
			path = QuoteBookAppTests;
			sourceTree = "<group>";
		};
		FA3F4A202A4C73E70003E18B /* QuoteBookAppUITests */ = {
			isa = PBXGroup;
			children = (
				FA3F4A212A4C73E70003E18B /* QuoteBookAppUITests.swift */,
				FA3F4A232A4C73E70003E18B /* QuoteBookAppUITestsLaunchTests.swift */,
			);
			path = QuoteBookAppUITests;
			sourceTree = "<group>";
		};
		FA4E74272A676C82003A0EEC /* Views */ = {
			isa = PBXGroup;
			children = (
				FA0F72B42A590CF100C94D95 /* CollectionsEditor.swift */,
				FA10FD5E2A9A5329007DAE96 /* Library.swift */,
				FA3F4A082A4C73E60003E18B /* ContentView.swift */,
				FAF01E212A6D70E600A960EF /* CollectionsView.swift */,
				FA2D8BDC2A6EFCF7000EE10C /* tab bar.swift */,
				FA708D712A7B1A67000D0BE0 /* why does thi exist.swift */,
			);
			path = Views;
			sourceTree = "<group>";
		};
		FA4E742B2A676E32003A0EEC /* Quotes */ = {
			isa = PBXGroup;
			children = (
			);
			path = Quotes;
			sourceTree = "<group>";
		};
		FA58C0FB2A6818FC001B4962 /* Data */ = {
			isa = PBXGroup;
			children = (
				FAF525B72A744DEE00474C13 /* AuthViewModel.swift */,
				FA5A08792A79AC8D002F139B /* Quote.swift */,
				FA5A087B2A79AE9E002F139B /* ViewModel.swift */,
			);
			path = Data;
			sourceTree = "<group>";
		};
/* End PBXGroup section */

/* Begin PBXNativeTarget section */
		FA3F4A022A4C73E60003E18B /* QuoteBookApp */ = {
			isa = PBXNativeTarget;
			buildConfigurationList = FA3F4A272A4C73E70003E18B /* Build configuration list for PBXNativeTarget "QuoteBookApp" */;
			buildPhases = (
				FA3F49FF2A4C73E60003E18B /* Sources */,
				FA3F4A002A4C73E60003E18B /* Frameworks */,
				FA3F4A012A4C73E60003E18B /* Resources */,
			);
			buildRules = (
			);
			dependencies = (
			);
			name = QuoteBookApp;
			packageProductDependencies = (
				FAF525AA2A740F4200474C13 /* FirebaseFirestore */,
				FAF525AD2A74107400474C13 /* FirebaseAuth */,
				FAF525AF2A74107400474C13 /* FirebaseFirestoreSwift */,
				FAF525B12A74107400474C13 /* FirebaseStorage */,
			);
			productName = QuoteBookApp;
			productReference = FA3F4A032A4C73E60003E18B /* QuoteBookApp.app */;
			productType = "com.apple.product-type.application";
		};
		FA3F4A122A4C73E70003E18B /* QuoteBookAppTests */ = {
			isa = PBXNativeTarget;
			buildConfigurationList = FA3F4A2A2A4C73E70003E18B /* Build configuration list for PBXNativeTarget "QuoteBookAppTests" */;
			buildPhases = (
				FA3F4A0F2A4C73E70003E18B /* Sources */,
				FA3F4A102A4C73E70003E18B /* Frameworks */,
				FA3F4A112A4C73E70003E18B /* Resources */,
			);
			buildRules = (
			);
			dependencies = (
				FA3F4A152A4C73E70003E18B /* PBXTargetDependency */,
			);
			name = QuoteBookAppTests;
			productName = QuoteBookAppTests;
			productReference = FA3F4A132A4C73E70003E18B /* QuoteBookAppTests.xctest */;
			productType = "com.apple.product-type.bundle.unit-test";
		};
		FA3F4A1C2A4C73E70003E18B /* QuoteBookAppUITests */ = {
			isa = PBXNativeTarget;
			buildConfigurationList = FA3F4A2D2A4C73E70003E18B /* Build configuration list for PBXNativeTarget "QuoteBookAppUITests" */;
			buildPhases = (
				FA3F4A192A4C73E70003E18B /* Sources */,
				FA3F4A1A2A4C73E70003E18B /* Frameworks */,
				FA3F4A1B2A4C73E70003E18B /* Resources */,
			);
			buildRules = (
			);
			dependencies = (
				FA3F4A1F2A4C73E70003E18B /* PBXTargetDependency */,
			);
			name = QuoteBookAppUITests;
			productName = QuoteBookAppUITests;
			productReference = FA3F4A1D2A4C73E70003E18B /* QuoteBookAppUITests.xctest */;
			productType = "com.apple.product-type.bundle.ui-testing";
		};
/* End PBXNativeTarget section */

/* Begin PBXProject section */
		FA3F49FB2A4C73E60003E18B /* Project object */ = {
			isa = PBXProject;
			attributes = {
				BuildIndependentTargetsInParallel = 1;
				LastSwiftUpdateCheck = 1430;
				LastUpgradeCheck = 1430;
				TargetAttributes = {
					FA3F4A022A4C73E60003E18B = {
						CreatedOnToolsVersion = 14.3.1;
					};
					FA3F4A122A4C73E70003E18B = {
						CreatedOnToolsVersion = 14.3.1;
						TestTargetID = FA3F4A022A4C73E60003E18B;
					};
					FA3F4A1C2A4C73E70003E18B = {
						CreatedOnToolsVersion = 14.3.1;
						TestTargetID = FA3F4A022A4C73E60003E18B;
					};
				};
			};
			buildConfigurationList = FA3F49FE2A4C73E60003E18B /* Build configuration list for PBXProject "QuoteBookApp" */;
			compatibilityVersion = "Xcode 14.0";
			developmentRegion = en;
			hasScannedForEncodings = 0;
			knownRegions = (
				en,
				Base,
			);
			mainGroup = FA3F49FA2A4C73E60003E18B;
			packageReferences = (
				FAF525A92A740F4200474C13 /* XCRemoteSwiftPackageReference "firebase-ios-sdk" */,
				FAF525AC2A74107400474C13 /* XCRemoteSwiftPackageReference "firebase-ios-sdk" */,
			);
			productRefGroup = FA3F4A042A4C73E60003E18B /* Products */;
			projectDirPath = "";
			projectRoot = "";
			targets = (
				FA3F4A022A4C73E60003E18B /* QuoteBookApp */,
				FA3F4A122A4C73E70003E18B /* QuoteBookAppTests */,
				FA3F4A1C2A4C73E70003E18B /* QuoteBookAppUITests */,
			);
		};
/* End PBXProject section */

/* Begin PBXResourcesBuildPhase section */
		FA3F4A012A4C73E60003E18B /* Resources */ = {
			isa = PBXResourcesBuildPhase;
			buildActionMask = 2147483647;
			files = (
				FA3F4A0E2A4C73E70003E18B /* Preview Assets.xcassets in Resources */,
				FA3F4A0B2A4C73E70003E18B /* Assets.xcassets in Resources */,
				FAF525A82A740DE500474C13 /* GoogleService-Info.plist in Resources */,
			);
			runOnlyForDeploymentPostprocessing = 0;
		};
		FA3F4A112A4C73E70003E18B /* Resources */ = {
			isa = PBXResourcesBuildPhase;
			buildActionMask = 2147483647;
			files = (
			);
			runOnlyForDeploymentPostprocessing = 0;
		};
		FA3F4A1B2A4C73E70003E18B /* Resources */ = {
			isa = PBXResourcesBuildPhase;
			buildActionMask = 2147483647;
			files = (
			);
			runOnlyForDeploymentPostprocessing = 0;
		};
/* End PBXResourcesBuildPhase section */

/* Begin PBXSourcesBuildPhase section */
		FA3F49FF2A4C73E60003E18B /* Sources */ = {
			isa = PBXSourcesBuildPhase;
			buildActionMask = 2147483647;
			files = (
				FA5A087C2A79AE9E002F139B /* ViewModel.swift in Sources */,
				FAF01E222A6D70E600A960EF /* CollectionsView.swift in Sources */,
				FA708D722A7B1A67000D0BE0 /* why does thi exist.swift in Sources */,
				FA3F4A092A4C73E60003E18B /* ContentView.swift in Sources */,
				FA2D8BDD2A6EFCF7000EE10C /* tab bar.swift in Sources */,
				FADAEF1D2A7948EB00F246EE /* QuoteBookAppApp.swift in Sources */,
				FA0F72B52A590CF100C94D95 /* CollectionsEditor.swift in Sources */,
				FA10FD5F2A9A5329007DAE96 /* Library.swift in Sources */,
				FA5A087A2A79AC8D002F139B /* Quote.swift in Sources */,
				FAF525B82A744DEE00474C13 /* AuthViewModel.swift in Sources */,
			);
			runOnlyForDeploymentPostprocessing = 0;
		};
		FA3F4A0F2A4C73E70003E18B /* Sources */ = {
			isa = PBXSourcesBuildPhase;
			buildActionMask = 2147483647;
			files = (
				FA3F4A182A4C73E70003E18B /* QuoteBookAppTests.swift in Sources */,
			);
			runOnlyForDeploymentPostprocessing = 0;
		};
		FA3F4A192A4C73E70003E18B /* Sources */ = {
			isa = PBXSourcesBuildPhase;
			buildActionMask = 2147483647;
			files = (
				FA3F4A242A4C73E70003E18B /* QuoteBookAppUITestsLaunchTests.swift in Sources */,
				FA3F4A222A4C73E70003E18B /* QuoteBookAppUITests.swift in Sources */,
			);
			runOnlyForDeploymentPostprocessing = 0;
		};
/* End PBXSourcesBuildPhase section */

/* Begin PBXTargetDependency section */
		FA3F4A152A4C73E70003E18B /* PBXTargetDependency */ = {
			isa = PBXTargetDependency;
			target = FA3F4A022A4C73E60003E18B /* QuoteBookApp */;
			targetProxy = FA3F4A142A4C73E70003E18B /* PBXContainerItemProxy */;
		};
		FA3F4A1F2A4C73E70003E18B /* PBXTargetDependency */ = {
			isa = PBXTargetDependency;
			target = FA3F4A022A4C73E60003E18B /* QuoteBookApp */;
			targetProxy = FA3F4A1E2A4C73E70003E18B /* PBXContainerItemProxy */;
		};
/* End PBXTargetDependency section */

/* Begin XCBuildConfiguration section */
		FA3F4A252A4C73E70003E18B /* Debug */ = {
			isa = XCBuildConfiguration;
			buildSettings = {
				ALWAYS_SEARCH_USER_PATHS = NO;
				CLANG_ANALYZER_NONNULL = YES;
				CLANG_ANALYZER_NUMBER_OBJECT_CONVERSION = YES_AGGRESSIVE;
				CLANG_CXX_LANGUAGE_STANDARD = "gnu++20";
				CLANG_ENABLE_MODULES = YES;
				CLANG_ENABLE_OBJC_ARC = YES;
				CLANG_ENABLE_OBJC_WEAK = YES;
				CLANG_WARN_BLOCK_CAPTURE_AUTORELEASING = YES;
				CLANG_WARN_BOOL_CONVERSION = YES;
				CLANG_WARN_COMMA = YES;
				CLANG_WARN_CONSTANT_CONVERSION = YES;
				CLANG_WARN_DEPRECATED_OBJC_IMPLEMENTATIONS = YES;
				CLANG_WARN_DIRECT_OBJC_ISA_USAGE = YES_ERROR;
				CLANG_WARN_DOCUMENTATION_COMMENTS = YES;
				CLANG_WARN_EMPTY_BODY = YES;
				CLANG_WARN_ENUM_CONVERSION = YES;
				CLANG_WARN_INFINITE_RECURSION = YES;
				CLANG_WARN_INT_CONVERSION = YES;
				CLANG_WARN_NON_LITERAL_NULL_CONVERSION = YES;
				CLANG_WARN_OBJC_IMPLICIT_RETAIN_SELF = YES;
				CLANG_WARN_OBJC_LITERAL_CONVERSION = YES;
				CLANG_WARN_OBJC_ROOT_CLASS = YES_ERROR;
				CLANG_WARN_QUOTED_INCLUDE_IN_FRAMEWORK_HEADER = YES;
				CLANG_WARN_RANGE_LOOP_ANALYSIS = YES;
				CLANG_WARN_STRICT_PROTOTYPES = YES;
				CLANG_WARN_SUSPICIOUS_MOVE = YES;
				CLANG_WARN_UNGUARDED_AVAILABILITY = YES_AGGRESSIVE;
				CLANG_WARN_UNREACHABLE_CODE = YES;
				CLANG_WARN__DUPLICATE_METHOD_MATCH = YES;
				COPY_PHASE_STRIP = NO;
				DEBUG_INFORMATION_FORMAT = dwarf;
				ENABLE_STRICT_OBJC_MSGSEND = YES;
				ENABLE_TESTABILITY = YES;
				GCC_C_LANGUAGE_STANDARD = gnu11;
				GCC_DYNAMIC_NO_PIC = NO;
				GCC_NO_COMMON_BLOCKS = YES;
				GCC_OPTIMIZATION_LEVEL = 0;
				GCC_PREPROCESSOR_DEFINITIONS = (
					"DEBUG=1",
					"$(inherited)",
				);
				GCC_WARN_64_TO_32_BIT_CONVERSION = YES;
				GCC_WARN_ABOUT_RETURN_TYPE = YES_ERROR;
				GCC_WARN_UNDECLARED_SELECTOR = YES;
				GCC_WARN_UNINITIALIZED_AUTOS = YES_AGGRESSIVE;
				GCC_WARN_UNUSED_FUNCTION = YES;
				GCC_WARN_UNUSED_VARIABLE = YES;
				IPHONEOS_DEPLOYMENT_TARGET = 16.4;
				MTL_ENABLE_DEBUG_INFO = INCLUDE_SOURCE;
				MTL_FAST_MATH = YES;
				ONLY_ACTIVE_ARCH = YES;
				SDKROOT = iphoneos;
				SWIFT_ACTIVE_COMPILATION_CONDITIONS = DEBUG;
				SWIFT_OPTIMIZATION_LEVEL = "-Onone";
			};
			name = Debug;
		};
		FA3F4A262A4C73E70003E18B /* Release */ = {
			isa = XCBuildConfiguration;
			buildSettings = {
				ALWAYS_SEARCH_USER_PATHS = NO;
				CLANG_ANALYZER_NONNULL = YES;
				CLANG_ANALYZER_NUMBER_OBJECT_CONVERSION = YES_AGGRESSIVE;
				CLANG_CXX_LANGUAGE_STANDARD = "gnu++20";
				CLANG_ENABLE_MODULES = YES;
				CLANG_ENABLE_OBJC_ARC = YES;
				CLANG_ENABLE_OBJC_WEAK = YES;
				CLANG_WARN_BLOCK_CAPTURE_AUTORELEASING = YES;
				CLANG_WARN_BOOL_CONVERSION = YES;
				CLANG_WARN_COMMA = YES;
				CLANG_WARN_CONSTANT_CONVERSION = YES;
				CLANG_WARN_DEPRECATED_OBJC_IMPLEMENTATIONS = YES;
				CLANG_WARN_DIRECT_OBJC_ISA_USAGE = YES_ERROR;
				CLANG_WARN_DOCUMENTATION_COMMENTS = YES;
				CLANG_WARN_EMPTY_BODY = YES;
				CLANG_WARN_ENUM_CONVERSION = YES;
				CLANG_WARN_INFINITE_RECURSION = YES;
				CLANG_WARN_INT_CONVERSION = YES;
				CLANG_WARN_NON_LITERAL_NULL_CONVERSION = YES;
				CLANG_WARN_OBJC_IMPLICIT_RETAIN_SELF = YES;
				CLANG_WARN_OBJC_LITERAL_CONVERSION = YES;
				CLANG_WARN_OBJC_ROOT_CLASS = YES_ERROR;
				CLANG_WARN_QUOTED_INCLUDE_IN_FRAMEWORK_HEADER = YES;
				CLANG_WARN_RANGE_LOOP_ANALYSIS = YES;
				CLANG_WARN_STRICT_PROTOTYPES = YES;
				CLANG_WARN_SUSPICIOUS_MOVE = YES;
				CLANG_WARN_UNGUARDED_AVAILABILITY = YES_AGGRESSIVE;
				CLANG_WARN_UNREACHABLE_CODE = YES;
				CLANG_WARN__DUPLICATE_METHOD_MATCH = YES;
				COPY_PHASE_STRIP = NO;
				DEBUG_INFORMATION_FORMAT = "dwarf-with-dsym";
				ENABLE_NS_ASSERTIONS = NO;
				ENABLE_STRICT_OBJC_MSGSEND = YES;
				GCC_C_LANGUAGE_STANDARD = gnu11;
				GCC_NO_COMMON_BLOCKS = YES;
				GCC_WARN_64_TO_32_BIT_CONVERSION = YES;
				GCC_WARN_ABOUT_RETURN_TYPE = YES_ERROR;
				GCC_WARN_UNDECLARED_SELECTOR = YES;
				GCC_WARN_UNINITIALIZED_AUTOS = YES_AGGRESSIVE;
				GCC_WARN_UNUSED_FUNCTION = YES;
				GCC_WARN_UNUSED_VARIABLE = YES;
				IPHONEOS_DEPLOYMENT_TARGET = 16.4;
				MTL_ENABLE_DEBUG_INFO = NO;
				MTL_FAST_MATH = YES;
				SDKROOT = iphoneos;
				SWIFT_COMPILATION_MODE = wholemodule;
				SWIFT_OPTIMIZATION_LEVEL = "-O";
				VALIDATE_PRODUCT = YES;
			};
			name = Release;
		};
		FA3F4A282A4C73E70003E18B /* Debug */ = {
			isa = XCBuildConfiguration;
			buildSettings = {
				ASSETCATALOG_COMPILER_APPICON_NAME = AppIcon;
				ASSETCATALOG_COMPILER_GLOBAL_ACCENT_COLOR_NAME = AccentColor;
				CODE_SIGN_STYLE = Automatic;
				CURRENT_PROJECT_VERSION = 1;
				DEVELOPMENT_ASSET_PATHS = "\"QuoteBookApp/Preview Content\"";
				ENABLE_PREVIEWS = YES;
				GENERATE_INFOPLIST_FILE = YES;
				INFOPLIST_KEY_UIApplicationSceneManifest_Generation = YES;
				INFOPLIST_KEY_UIApplicationSupportsIndirectInputEvents = YES;
				INFOPLIST_KEY_UILaunchScreen_Generation = YES;
				INFOPLIST_KEY_UISupportedInterfaceOrientations_iPad = "UIInterfaceOrientationPortrait UIInterfaceOrientationPortraitUpsideDown UIInterfaceOrientationLandscapeLeft UIInterfaceOrientationLandscapeRight";
				INFOPLIST_KEY_UISupportedInterfaceOrientations_iPhone = "UIInterfaceOrientationPortrait UIInterfaceOrientationLandscapeLeft UIInterfaceOrientationLandscapeRight";
				LD_RUNPATH_SEARCH_PATHS = (
					"$(inherited)",
					"@executable_path/Frameworks",
				);
				MARKETING_VERSION = 1.0;
				PRODUCT_BUNDLE_IDENTIFIER = ayush.QuoteBookApp;
				PRODUCT_NAME = "$(TARGET_NAME)";
				SWIFT_EMIT_LOC_STRINGS = YES;
				SWIFT_VERSION = 5.0;
				TARGETED_DEVICE_FAMILY = "1,2";
			};
			name = Debug;
		};
		FA3F4A292A4C73E70003E18B /* Release */ = {
			isa = XCBuildConfiguration;
			buildSettings = {
				ASSETCATALOG_COMPILER_APPICON_NAME = AppIcon;
				ASSETCATALOG_COMPILER_GLOBAL_ACCENT_COLOR_NAME = AccentColor;
				CODE_SIGN_STYLE = Automatic;
				CURRENT_PROJECT_VERSION = 1;
				DEVELOPMENT_ASSET_PATHS = "\"QuoteBookApp/Preview Content\"";
				ENABLE_PREVIEWS = YES;
				GENERATE_INFOPLIST_FILE = YES;
				INFOPLIST_KEY_UIApplicationSceneManifest_Generation = YES;
				INFOPLIST_KEY_UIApplicationSupportsIndirectInputEvents = YES;
				INFOPLIST_KEY_UILaunchScreen_Generation = YES;
				INFOPLIST_KEY_UISupportedInterfaceOrientations_iPad = "UIInterfaceOrientationPortrait UIInterfaceOrientationPortraitUpsideDown UIInterfaceOrientationLandscapeLeft UIInterfaceOrientationLandscapeRight";
				INFOPLIST_KEY_UISupportedInterfaceOrientations_iPhone = "UIInterfaceOrientationPortrait UIInterfaceOrientationLandscapeLeft UIInterfaceOrientationLandscapeRight";
				LD_RUNPATH_SEARCH_PATHS = (
					"$(inherited)",
					"@executable_path/Frameworks",
				);
				MARKETING_VERSION = 1.0;
				PRODUCT_BUNDLE_IDENTIFIER = ayush.QuoteBookApp;
				PRODUCT_NAME = "$(TARGET_NAME)";
				SWIFT_EMIT_LOC_STRINGS = YES;
				SWIFT_VERSION = 5.0;
				TARGETED_DEVICE_FAMILY = "1,2";
			};
			name = Release;
		};
		FA3F4A2B2A4C73E70003E18B /* Debug */ = {
			isa = XCBuildConfiguration;
			buildSettings = {
				ALWAYS_EMBED_SWIFT_STANDARD_LIBRARIES = YES;
				BUNDLE_LOADER = "$(TEST_HOST)";
				CODE_SIGN_STYLE = Automatic;
				CURRENT_PROJECT_VERSION = 1;
				GENERATE_INFOPLIST_FILE = YES;
				IPHONEOS_DEPLOYMENT_TARGET = 16.4;
				MARKETING_VERSION = 1.0;
				PRODUCT_BUNDLE_IDENTIFIER = ayush.QuoteBookAppTests;
				PRODUCT_NAME = "$(TARGET_NAME)";
				SWIFT_EMIT_LOC_STRINGS = NO;
				SWIFT_VERSION = 5.0;
				TARGETED_DEVICE_FAMILY = "1,2";
				TEST_HOST = "$(BUILT_PRODUCTS_DIR)/QuoteBookApp.app/$(BUNDLE_EXECUTABLE_FOLDER_PATH)/QuoteBookApp";
			};
			name = Debug;
		};
		FA3F4A2C2A4C73E70003E18B /* Release */ = {
			isa = XCBuildConfiguration;
			buildSettings = {
				ALWAYS_EMBED_SWIFT_STANDARD_LIBRARIES = YES;
				BUNDLE_LOADER = "$(TEST_HOST)";
				CODE_SIGN_STYLE = Automatic;
				CURRENT_PROJECT_VERSION = 1;
				GENERATE_INFOPLIST_FILE = YES;
				IPHONEOS_DEPLOYMENT_TARGET = 16.4;
				MARKETING_VERSION = 1.0;
				PRODUCT_BUNDLE_IDENTIFIER = ayush.QuoteBookAppTests;
				PRODUCT_NAME = "$(TARGET_NAME)";
				SWIFT_EMIT_LOC_STRINGS = NO;
				SWIFT_VERSION = 5.0;
				TARGETED_DEVICE_FAMILY = "1,2";
				TEST_HOST = "$(BUILT_PRODUCTS_DIR)/QuoteBookApp.app/$(BUNDLE_EXECUTABLE_FOLDER_PATH)/QuoteBookApp";
			};
			name = Release;
		};
		FA3F4A2E2A4C73E70003E18B /* Debug */ = {
			isa = XCBuildConfiguration;
			buildSettings = {
				ALWAYS_EMBED_SWIFT_STANDARD_LIBRARIES = YES;
				CODE_SIGN_STYLE = Automatic;
				CURRENT_PROJECT_VERSION = 1;
				GENERATE_INFOPLIST_FILE = YES;
				MARKETING_VERSION = 1.0;
				PRODUCT_BUNDLE_IDENTIFIER = ayush.QuoteBookAppUITests;
				PRODUCT_NAME = "$(TARGET_NAME)";
				SWIFT_EMIT_LOC_STRINGS = NO;
				SWIFT_VERSION = 5.0;
				TARGETED_DEVICE_FAMILY = "1,2";
				TEST_TARGET_NAME = QuoteBookApp;
			};
			name = Debug;
		};
		FA3F4A2F2A4C73E70003E18B /* Release */ = {
			isa = XCBuildConfiguration;
			buildSettings = {
				ALWAYS_EMBED_SWIFT_STANDARD_LIBRARIES = YES;
				CODE_SIGN_STYLE = Automatic;
				CURRENT_PROJECT_VERSION = 1;
				GENERATE_INFOPLIST_FILE = YES;
				MARKETING_VERSION = 1.0;
				PRODUCT_BUNDLE_IDENTIFIER = ayush.QuoteBookAppUITests;
				PRODUCT_NAME = "$(TARGET_NAME)";
				SWIFT_EMIT_LOC_STRINGS = NO;
				SWIFT_VERSION = 5.0;
				TARGETED_DEVICE_FAMILY = "1,2";
				TEST_TARGET_NAME = QuoteBookApp;
			};
			name = Release;
		};
/* End XCBuildConfiguration section */

/* Begin XCConfigurationList section */
		FA3F49FE2A4C73E60003E18B /* Build configuration list for PBXProject "QuoteBookApp" */ = {
			isa = XCConfigurationList;
			buildConfigurations = (
				FA3F4A252A4C73E70003E18B /* Debug */,
				FA3F4A262A4C73E70003E18B /* Release */,
			);
			defaultConfigurationIsVisible = 0;
			defaultConfigurationName = Release;
		};
		FA3F4A272A4C73E70003E18B /* Build configuration list for PBXNativeTarget "QuoteBookApp" */ = {
			isa = XCConfigurationList;
			buildConfigurations = (
				FA3F4A282A4C73E70003E18B /* Debug */,
				FA3F4A292A4C73E70003E18B /* Release */,
			);
			defaultConfigurationIsVisible = 0;
			defaultConfigurationName = Release;
		};
		FA3F4A2A2A4C73E70003E18B /* Build configuration list for PBXNativeTarget "QuoteBookAppTests" */ = {
			isa = XCConfigurationList;
			buildConfigurations = (
				FA3F4A2B2A4C73E70003E18B /* Debug */,
				FA3F4A2C2A4C73E70003E18B /* Release */,
			);
			defaultConfigurationIsVisible = 0;
			defaultConfigurationName = Release;
		};
		FA3F4A2D2A4C73E70003E18B /* Build configuration list for PBXNativeTarget "QuoteBookAppUITests" */ = {
			isa = XCConfigurationList;
			buildConfigurations = (
				FA3F4A2E2A4C73E70003E18B /* Debug */,
				FA3F4A2F2A4C73E70003E18B /* Release */,
			);
			defaultConfigurationIsVisible = 0;
			defaultConfigurationName = Release;
		};
/* End XCConfigurationList section */

/* Begin XCRemoteSwiftPackageReference section */
		FAF525A92A740F4200474C13 /* XCRemoteSwiftPackageReference "firebase-ios-sdk" */ = {
			isa = XCRemoteSwiftPackageReference;
			repositoryURL = "https://github.com/firebase/firebase-ios-sdk";
			requirement = {
				kind = upToNextMajorVersion;
				minimumVersion = 10.12.0;
			};
		};
		FAF525AC2A74107400474C13 /* XCRemoteSwiftPackageReference "firebase-ios-sdk" */ = {
			isa = XCRemoteSwiftPackageReference;
			repositoryURL = "https://github.com/firebase/firebase-ios-sdk";
			requirement = {
				kind = upToNextMajorVersion;
				minimumVersion = 10.12.0;
			};
		};
/* End XCRemoteSwiftPackageReference section */

/* Begin XCSwiftPackageProductDependency section */
		FAF525AA2A740F4200474C13 /* FirebaseFirestore */ = {
			isa = XCSwiftPackageProductDependency;
			package = FAF525A92A740F4200474C13 /* XCRemoteSwiftPackageReference "firebase-ios-sdk" */;
			productName = FirebaseFirestore;
		};
		FAF525AD2A74107400474C13 /* FirebaseAuth */ = {
			isa = XCSwiftPackageProductDependency;
			package = FAF525A92A740F4200474C13 /* XCRemoteSwiftPackageReference "firebase-ios-sdk" */;
			productName = FirebaseAuth;
		};
		FAF525AF2A74107400474C13 /* FirebaseFirestoreSwift */ = {
			isa = XCSwiftPackageProductDependency;
			package = FAF525A92A740F4200474C13 /* XCRemoteSwiftPackageReference "firebase-ios-sdk" */;
			productName = FirebaseFirestoreSwift;
		};
		FAF525B12A74107400474C13 /* FirebaseStorage */ = {
			isa = XCSwiftPackageProductDependency;
			package = FAF525A92A740F4200474C13 /* XCRemoteSwiftPackageReference "firebase-ios-sdk" */;
			productName = FirebaseStorage;
		};
/* End XCSwiftPackageProductDependency section */
	};
	rootObject = FA3F49FB2A4C73E60003E18B /* Project object */;
}
