// !$*UTF8*$!
{
	archiveVersion = 1;
	classes = {
	};
	objectVersion = 53;
	objects = {

/* Begin PBXBuildFile section */
		372697592A7305310054EC95 /* Quote.swift in Sources */ = {isa = PBXBuildFile; fileRef = 372697582A7305310054EC95 /* Quote.swift */; };
		372697612A7306220054EC95 /* ViewModel.swift in Sources */ = {isa = PBXBuildFile; fileRef = 372697602A7306220054EC95 /* ViewModel.swift */; };
		3726976F2A73085E0054EC95 /* FirebaseFirestore in Frameworks */ = {isa = PBXBuildFile; productRef = 3726976E2A73085E0054EC95 /* FirebaseFirestore */; };
		372697712A73085E0054EC95 /* FirebaseFirestoreSwift in Frameworks */ = {isa = PBXBuildFile; productRef = 372697702A73085E0054EC95 /* FirebaseFirestoreSwift */; };
		3728E4A02A81B73B00BE6216 /* TagSelectionView.swift in Sources */ = {isa = PBXBuildFile; fileRef = 3728E49F2A81B73B00BE6216 /* TagSelectionView.swift */; };
		3728E4A62A81CC3C00BE6216 /* HalfASheet in Frameworks */ = {isa = PBXBuildFile; productRef = 3728E4A52A81CC3C00BE6216 /* HalfASheet */; };
		372F82F22A58DFB1007FA7F8 /* TimeFormatting.swift in Sources */ = {isa = PBXBuildFile; fileRef = 372F82F12A58DFB1007FA7F8 /* TimeFormatting.swift */; };
		372F82FA2A5913EC007FA7F8 /* ContentView.swift in Sources */ = {isa = PBXBuildFile; fileRef = 372F82F92A5913EC007FA7F8 /* ContentView.swift */; };
		372F83022A5A3939007FA7F8 /* EditQuoteView.swift in Sources */ = {isa = PBXBuildFile; fileRef = 372F83012A5A3939007FA7F8 /* EditQuoteView.swift */; };
		372F830A2A5A479B007FA7F8 /* AddQuoteView.swift in Sources */ = {isa = PBXBuildFile; fileRef = 372F83092A5A479B007FA7F8 /* AddQuoteView.swift */; };
		376375432A71ABD7007969C9 /* FirebaseAuth in Frameworks */ = {isa = PBXBuildFile; productRef = 376375422A71ABD7007969C9 /* FirebaseAuth */; };
		376375492A71C667007969C9 /* GoogleSignIn in Frameworks */ = {isa = PBXBuildFile; productRef = 376375482A71C667007969C9 /* GoogleSignIn */; };
		3763754B2A71C667007969C9 /* GoogleSignInSwift in Frameworks */ = {isa = PBXBuildFile; productRef = 3763754A2A71C667007969C9 /* GoogleSignInSwift */; };
		377346162A99CA990040DB93 /* GoogleService-Info.plist in Resources */ = {isa = PBXBuildFile; fileRef = 377346152A99CA990040DB93 /* GoogleService-Info.plist */; };
		3773461B2A99CFFE0040DB93 /* AppDelegate.swift in Sources */ = {isa = PBXBuildFile; fileRef = 3773461A2A99CFFE0040DB93 /* AppDelegate.swift */; };
		377346202A99D1330040DB93 /* LoginScreen.swift in Sources */ = {isa = PBXBuildFile; fileRef = 3773461F2A99D1330040DB93 /* LoginScreen.swift */; };
		377346252A99D1660040DB93 /* GoogleSiginBtn.swift in Sources */ = {isa = PBXBuildFile; fileRef = 377346242A99D1660040DB93 /* GoogleSiginBtn.swift */; };
		3773462D2A99D2700040DB93 /* +View.swift in Sources */ = {isa = PBXBuildFile; fileRef = 3773462C2A99D2700040DB93 /* +View.swift */; };
		3787F40C2A4F69D2004D1F7C /* QuoteBookApp.swift in Sources */ = {isa = PBXBuildFile; fileRef = 3787F40B2A4F69D2004D1F7C /* QuoteBookApp.swift */; };
		3787F4102A4F69D3004D1F7C /* Assets.xcassets in Resources */ = {isa = PBXBuildFile; fileRef = 3787F40F2A4F69D3004D1F7C /* Assets.xcassets */; };
		3787F4132A4F69D3004D1F7C /* Preview Assets.xcassets in Resources */ = {isa = PBXBuildFile; fileRef = 3787F4122A4F69D3004D1F7C /* Preview Assets.xcassets */; };
		3787F41E2A4F69D3004D1F7C /* QuoteBookTests.swift in Sources */ = {isa = PBXBuildFile; fileRef = 3787F41D2A4F69D3004D1F7C /* QuoteBookTests.swift */; };
		3787F4292A4F69D3004D1F7C /* QuoteBookUITests.swift in Sources */ = {isa = PBXBuildFile; fileRef = 3787F4282A4F69D3004D1F7C /* QuoteBookUITests.swift */; };
		37A3AB232A70E38E00F04FB7 /* FirebaseAnalytics in Frameworks */ = {isa = PBXBuildFile; productRef = 37A3AB222A70E38E00F04FB7 /* FirebaseAnalytics */; };
		37A3AB252A70E38E00F04FB7 /* FirebaseAnalyticsSwift in Frameworks */ = {isa = PBXBuildFile; productRef = 37A3AB242A70E38E00F04FB7 /* FirebaseAnalyticsSwift */; };
		37EECEDE2A847B24006ADC26 /* TagView.swift in Sources */ = {isa = PBXBuildFile; fileRef = 37EECEDD2A847B24006ADC26 /* TagView.swift */; };
		C965A31B2AA4048B005E34AC /* ProfileView.swift in Sources */ = {isa = PBXBuildFile; fileRef = C965A31A2AA4048B005E34AC /* ProfileView.swift */; };
		C965A33A2AA41F07005E34AC /* SDWebImageSwiftUI in Frameworks */ = {isa = PBXBuildFile; productRef = C965A3392AA41F07005E34AC /* SDWebImageSwiftUI */; };
		C9FBAB002AA55D6C003E8553 /* OmenTextField in Frameworks */ = {isa = PBXBuildFile; productRef = C9FBAAFF2AA55D6C003E8553 /* OmenTextField */; };
/* End PBXBuildFile section */

/* Begin PBXContainerItemProxy section */
		3787F41A2A4F69D3004D1F7C /* PBXContainerItemProxy */ = {
			isa = PBXContainerItemProxy;
			containerPortal = 3787F4002A4F69D1004D1F7C /* Project object */;
			proxyType = 1;
			remoteGlobalIDString = 3787F4072A4F69D1004D1F7C;
			remoteInfo = QuoteBook;
		};
		3787F4252A4F69D3004D1F7C /* PBXContainerItemProxy */ = {
			isa = PBXContainerItemProxy;
			containerPortal = 3787F4002A4F69D1004D1F7C /* Project object */;
			proxyType = 1;
			remoteGlobalIDString = 3787F4072A4F69D1004D1F7C;
			remoteInfo = QuoteBook;
		};
/* End PBXContainerItemProxy section */

/* Begin PBXFileReference section */
		372697582A7305310054EC95 /* Quote.swift */ = {isa = PBXFileReference; lastKnownFileType = sourcecode.swift; path = Quote.swift; sourceTree = "<group>"; };
		372697602A7306220054EC95 /* ViewModel.swift */ = {isa = PBXFileReference; lastKnownFileType = sourcecode.swift; path = ViewModel.swift; sourceTree = "<group>"; };
		3728E49F2A81B73B00BE6216 /* TagSelectionView.swift */ = {isa = PBXFileReference; lastKnownFileType = sourcecode.swift; path = TagSelectionView.swift; sourceTree = "<group>"; };
		372F82F12A58DFB1007FA7F8 /* TimeFormatting.swift */ = {isa = PBXFileReference; lastKnownFileType = sourcecode.swift; path = TimeFormatting.swift; sourceTree = "<group>"; };
		372F82F92A5913EC007FA7F8 /* ContentView.swift */ = {isa = PBXFileReference; lastKnownFileType = sourcecode.swift; path = ContentView.swift; sourceTree = "<group>"; };
		372F83012A5A3939007FA7F8 /* EditQuoteView.swift */ = {isa = PBXFileReference; lastKnownFileType = sourcecode.swift; path = EditQuoteView.swift; sourceTree = "<group>"; };
		372F83092A5A479B007FA7F8 /* AddQuoteView.swift */ = {isa = PBXFileReference; lastKnownFileType = sourcecode.swift; path = AddQuoteView.swift; sourceTree = "<group>"; };
		376375832A7228C6007969C9 /* QuoteBook.entitlements */ = {isa = PBXFileReference; lastKnownFileType = text.plist.entitlements; path = QuoteBook.entitlements; sourceTree = "<group>"; };
		377346152A99CA990040DB93 /* GoogleService-Info.plist */ = {isa = PBXFileReference; fileEncoding = 4; lastKnownFileType = text.plist.xml; name = "GoogleService-Info.plist"; path = "../../../GoogleService-Info.plist"; sourceTree = "<group>"; };
		3773461A2A99CFFE0040DB93 /* AppDelegate.swift */ = {isa = PBXFileReference; lastKnownFileType = sourcecode.swift; path = AppDelegate.swift; sourceTree = "<group>"; };
		3773461F2A99D1330040DB93 /* LoginScreen.swift */ = {isa = PBXFileReference; lastKnownFileType = sourcecode.swift; path = LoginScreen.swift; sourceTree = "<group>"; };
		377346242A99D1660040DB93 /* GoogleSiginBtn.swift */ = {isa = PBXFileReference; lastKnownFileType = sourcecode.swift; path = GoogleSiginBtn.swift; sourceTree = "<group>"; };
		3773462C2A99D2700040DB93 /* +View.swift */ = {isa = PBXFileReference; lastKnownFileType = sourcecode.swift; path = "+View.swift"; sourceTree = "<group>"; };
		3787F4082A4F69D2004D1F7C /* QuoteBook.app */ = {isa = PBXFileReference; explicitFileType = wrapper.application; includeInIndex = 0; path = QuoteBook.app; sourceTree = BUILT_PRODUCTS_DIR; };
		3787F40B2A4F69D2004D1F7C /* QuoteBookApp.swift */ = {isa = PBXFileReference; lastKnownFileType = sourcecode.swift; path = QuoteBookApp.swift; sourceTree = "<group>"; };
		3787F40F2A4F69D3004D1F7C /* Assets.xcassets */ = {isa = PBXFileReference; lastKnownFileType = folder.assetcatalog; path = Assets.xcassets; sourceTree = "<group>"; };
		3787F4122A4F69D3004D1F7C /* Preview Assets.xcassets */ = {isa = PBXFileReference; lastKnownFileType = folder.assetcatalog; path = "Preview Assets.xcassets"; sourceTree = "<group>"; };
		3787F4142A4F69D3004D1F7C /* Info.plist */ = {isa = PBXFileReference; lastKnownFileType = text.plist.xml; path = Info.plist; sourceTree = "<group>"; };
		3787F4192A4F69D3004D1F7C /* QuoteBookTests.xctest */ = {isa = PBXFileReference; explicitFileType = wrapper.cfbundle; includeInIndex = 0; path = QuoteBookTests.xctest; sourceTree = BUILT_PRODUCTS_DIR; };
		3787F41D2A4F69D3004D1F7C /* QuoteBookTests.swift */ = {isa = PBXFileReference; lastKnownFileType = sourcecode.swift; path = QuoteBookTests.swift; sourceTree = "<group>"; };
		3787F41F2A4F69D3004D1F7C /* Info.plist */ = {isa = PBXFileReference; lastKnownFileType = text.plist.xml; path = Info.plist; sourceTree = "<group>"; };
		3787F4242A4F69D3004D1F7C /* QuoteBookUITests.xctest */ = {isa = PBXFileReference; explicitFileType = wrapper.cfbundle; includeInIndex = 0; path = QuoteBookUITests.xctest; sourceTree = BUILT_PRODUCTS_DIR; };
		3787F4282A4F69D3004D1F7C /* QuoteBookUITests.swift */ = {isa = PBXFileReference; lastKnownFileType = sourcecode.swift; path = QuoteBookUITests.swift; sourceTree = "<group>"; };
		3787F42A2A4F69D3004D1F7C /* Info.plist */ = {isa = PBXFileReference; lastKnownFileType = text.plist.xml; path = Info.plist; sourceTree = "<group>"; };
		37EECEDD2A847B24006ADC26 /* TagView.swift */ = {isa = PBXFileReference; lastKnownFileType = sourcecode.swift; path = TagView.swift; sourceTree = "<group>"; };
		C965A31A2AA4048B005E34AC /* ProfileView.swift */ = {isa = PBXFileReference; lastKnownFileType = sourcecode.swift; path = ProfileView.swift; sourceTree = "<group>"; };
/* End PBXFileReference section */

/* Begin PBXFrameworksBuildPhase section */
		3787F4052A4F69D1004D1F7C /* Frameworks */ = {
			isa = PBXFrameworksBuildPhase;
			buildActionMask = 2147483647;
			files = (
				3763754B2A71C667007969C9 /* GoogleSignInSwift in Frameworks */,
				C9FBAB002AA55D6C003E8553 /* OmenTextField in Frameworks */,
				37A3AB252A70E38E00F04FB7 /* FirebaseAnalyticsSwift in Frameworks */,
				376375492A71C667007969C9 /* GoogleSignIn in Frameworks */,
				C965A33A2AA41F07005E34AC /* SDWebImageSwiftUI in Frameworks */,
				372697712A73085E0054EC95 /* FirebaseFirestoreSwift in Frameworks */,
				376375432A71ABD7007969C9 /* FirebaseAuth in Frameworks */,
				37A3AB232A70E38E00F04FB7 /* FirebaseAnalytics in Frameworks */,
				3726976F2A73085E0054EC95 /* FirebaseFirestore in Frameworks */,
				3728E4A62A81CC3C00BE6216 /* HalfASheet in Frameworks */,
			);
			runOnlyForDeploymentPostprocessing = 0;
		};
		3787F4162A4F69D3004D1F7C /* Frameworks */ = {
			isa = PBXFrameworksBuildPhase;
			buildActionMask = 2147483647;
			files = (
			);
			runOnlyForDeploymentPostprocessing = 0;
		};
		3787F4212A4F69D3004D1F7C /* Frameworks */ = {
			isa = PBXFrameworksBuildPhase;
			buildActionMask = 2147483647;
			files = (
			);
			runOnlyForDeploymentPostprocessing = 0;
		};
/* End PBXFrameworksBuildPhase section */

/* Begin PBXGroup section */
		372F82E42A58DC8A007FA7F8 /* Helpers */ = {
			isa = PBXGroup;
			children = (
				372F82F12A58DFB1007FA7F8 /* TimeFormatting.swift */,
				372697582A7305310054EC95 /* Quote.swift */,
				372697602A7306220054EC95 /* ViewModel.swift */,
				37EECEDD2A847B24006ADC26 /* TagView.swift */,
				3773461A2A99CFFE0040DB93 /* AppDelegate.swift */,
				377346242A99D1660040DB93 /* GoogleSiginBtn.swift */,
				3773462C2A99D2700040DB93 /* +View.swift */,
			);
			path = Helpers;
			sourceTree = "<group>";
		};
		372F82E52A58DC92007FA7F8 /* Views */ = {
			isa = PBXGroup;
			children = (
				372F82F92A5913EC007FA7F8 /* ContentView.swift */,
				372F83092A5A479B007FA7F8 /* AddQuoteView.swift */,
				372F83012A5A3939007FA7F8 /* EditQuoteView.swift */,
				3728E49F2A81B73B00BE6216 /* TagSelectionView.swift */,
				3773461F2A99D1330040DB93 /* LoginScreen.swift */,
				C965A31A2AA4048B005E34AC /* ProfileView.swift */,
			);
			path = Views;
			sourceTree = "<group>";
		};
		376375412A71ABD7007969C9 /* Frameworks */ = {
			isa = PBXGroup;
			children = (
			);
			name = Frameworks;
			sourceTree = "<group>";
		};
		3787F3FF2A4F69D1004D1F7C = {
			isa = PBXGroup;
			children = (
				3787F40A2A4F69D2004D1F7C /* QuoteBook */,
				3787F41C2A4F69D3004D1F7C /* QuoteBookTests */,
				3787F4272A4F69D3004D1F7C /* QuoteBookUITests */,
				3787F4092A4F69D2004D1F7C /* Products */,
				376375412A71ABD7007969C9 /* Frameworks */,
			);
			sourceTree = "<group>";
		};
		3787F4092A4F69D2004D1F7C /* Products */ = {
			isa = PBXGroup;
			children = (
				3787F4082A4F69D2004D1F7C /* QuoteBook.app */,
				3787F4192A4F69D3004D1F7C /* QuoteBookTests.xctest */,
				3787F4242A4F69D3004D1F7C /* QuoteBookUITests.xctest */,
			);
			name = Products;
			sourceTree = "<group>";
		};
		3787F40A2A4F69D2004D1F7C /* QuoteBook */ = {
			isa = PBXGroup;
			children = (
				376375832A7228C6007969C9 /* QuoteBook.entitlements */,
				377346152A99CA990040DB93 /* GoogleService-Info.plist */,
				3787F40B2A4F69D2004D1F7C /* QuoteBookApp.swift */,
				372F82E42A58DC8A007FA7F8 /* Helpers */,
				372F82E52A58DC92007FA7F8 /* Views */,
				3787F40F2A4F69D3004D1F7C /* Assets.xcassets */,
				3787F4142A4F69D3004D1F7C /* Info.plist */,
				3787F4112A4F69D3004D1F7C /* Preview Content */,
			);
			path = QuoteBook;
			sourceTree = "<group>";
		};
		3787F4112A4F69D3004D1F7C /* Preview Content */ = {
			isa = PBXGroup;
			children = (
				3787F4122A4F69D3004D1F7C /* Preview Assets.xcassets */,
			);
			path = "Preview Content";
			sourceTree = "<group>";
		};
		3787F41C2A4F69D3004D1F7C /* QuoteBookTests */ = {
			isa = PBXGroup;
			children = (
				3787F41D2A4F69D3004D1F7C /* QuoteBookTests.swift */,
				3787F41F2A4F69D3004D1F7C /* Info.plist */,
			);
			path = QuoteBookTests;
			sourceTree = "<group>";
		};
		3787F4272A4F69D3004D1F7C /* QuoteBookUITests */ = {
			isa = PBXGroup;
			children = (
				3787F4282A4F69D3004D1F7C /* QuoteBookUITests.swift */,
				3787F42A2A4F69D3004D1F7C /* Info.plist */,
			);
			path = QuoteBookUITests;
			sourceTree = "<group>";
		};
/* End PBXGroup section */

/* Begin PBXNativeTarget section */
		3787F4072A4F69D1004D1F7C /* QuoteBook */ = {
			isa = PBXNativeTarget;
			buildConfigurationList = 3787F42D2A4F69D3004D1F7C /* Build configuration list for PBXNativeTarget "QuoteBook" */;
			buildPhases = (
				3787F4042A4F69D1004D1F7C /* Sources */,
				3787F4052A4F69D1004D1F7C /* Frameworks */,
				3787F4062A4F69D1004D1F7C /* Resources */,
			);
			buildRules = (
			);
			dependencies = (
			);
			name = QuoteBook;
			packageProductDependencies = (
				37A3AB222A70E38E00F04FB7 /* FirebaseAnalytics */,
				37A3AB242A70E38E00F04FB7 /* FirebaseAnalyticsSwift */,
				376375422A71ABD7007969C9 /* FirebaseAuth */,
				376375482A71C667007969C9 /* GoogleSignIn */,
				3763754A2A71C667007969C9 /* GoogleSignInSwift */,
				3726976E2A73085E0054EC95 /* FirebaseFirestore */,
				372697702A73085E0054EC95 /* FirebaseFirestoreSwift */,
				3728E4A52A81CC3C00BE6216 /* HalfASheet */,
				C965A3392AA41F07005E34AC /* SDWebImageSwiftUI */,
				C9FBAAFF2AA55D6C003E8553 /* OmenTextField */,
			);
			productName = QuoteBook;
			productReference = 3787F4082A4F69D2004D1F7C /* QuoteBook.app */;
			productType = "com.apple.product-type.application";
		};
		3787F4182A4F69D3004D1F7C /* QuoteBookTests */ = {
			isa = PBXNativeTarget;
			buildConfigurationList = 3787F4302A4F69D3004D1F7C /* Build configuration list for PBXNativeTarget "QuoteBookTests" */;
			buildPhases = (
				3787F4152A4F69D3004D1F7C /* Sources */,
				3787F4162A4F69D3004D1F7C /* Frameworks */,
				3787F4172A4F69D3004D1F7C /* Resources */,
			);
			buildRules = (
			);
			dependencies = (
				3787F41B2A4F69D3004D1F7C /* PBXTargetDependency */,
			);
			name = QuoteBookTests;
			productName = QuoteBookTests;
			productReference = 3787F4192A4F69D3004D1F7C /* QuoteBookTests.xctest */;
			productType = "com.apple.product-type.bundle.unit-test";
		};
		3787F4232A4F69D3004D1F7C /* QuoteBookUITests */ = {
			isa = PBXNativeTarget;
			buildConfigurationList = 3787F4332A4F69D3004D1F7C /* Build configuration list for PBXNativeTarget "QuoteBookUITests" */;
			buildPhases = (
				3787F4202A4F69D3004D1F7C /* Sources */,
				3787F4212A4F69D3004D1F7C /* Frameworks */,
				3787F4222A4F69D3004D1F7C /* Resources */,
			);
			buildRules = (
			);
			dependencies = (
				3787F4262A4F69D3004D1F7C /* PBXTargetDependency */,
			);
			name = QuoteBookUITests;
			productName = QuoteBookUITests;
			productReference = 3787F4242A4F69D3004D1F7C /* QuoteBookUITests.xctest */;
			productType = "com.apple.product-type.bundle.ui-testing";
		};
/* End PBXNativeTarget section */

/* Begin PBXProject section */
		3787F4002A4F69D1004D1F7C /* Project object */ = {
			isa = PBXProject;
			attributes = {
				BuildIndependentTargetsInParallel = YES;
				LastSwiftUpdateCheck = 1240;
				LastUpgradeCheck = 1430;
				TargetAttributes = {
					3787F4072A4F69D1004D1F7C = {
						CreatedOnToolsVersion = 12.4;
					};
					3787F4182A4F69D3004D1F7C = {
						CreatedOnToolsVersion = 12.4;
						TestTargetID = 3787F4072A4F69D1004D1F7C;
					};
					3787F4232A4F69D3004D1F7C = {
						CreatedOnToolsVersion = 12.4;
						TestTargetID = 3787F4072A4F69D1004D1F7C;
					};
				};
			};
			buildConfigurationList = 3787F4032A4F69D1004D1F7C /* Build configuration list for PBXProject "QuoteBook" */;
			compatibilityVersion = "Xcode 9.3";
			developmentRegion = en;
			hasScannedForEncodings = 0;
			knownRegions = (
				en,
				Base,
			);
			mainGroup = 3787F3FF2A4F69D1004D1F7C;
			packageReferences = (
				37A3AB212A70E38E00F04FB7 /* XCRemoteSwiftPackageReference "firebase-ios-sdk" */,
				376375472A71C667007969C9 /* XCRemoteSwiftPackageReference "GoogleSignIn-iOS" */,
				3728E4A42A81CC3C00BE6216 /* XCRemoteSwiftPackageReference "HalfASheet" */,
				C965A3382AA41F06005E34AC /* XCRemoteSwiftPackageReference "SDWebImageSwiftUI" */,
				C9FBAAFE2AA55D6C003E8553 /* XCRemoteSwiftPackageReference "OmenTextField" */,
			);
			productRefGroup = 3787F4092A4F69D2004D1F7C /* Products */;
			projectDirPath = "";
			projectRoot = "";
			targets = (
				3787F4072A4F69D1004D1F7C /* QuoteBook */,
				3787F4182A4F69D3004D1F7C /* QuoteBookTests */,
				3787F4232A4F69D3004D1F7C /* QuoteBookUITests */,
			);
		};
/* End PBXProject section */

/* Begin PBXResourcesBuildPhase section */
		3787F4062A4F69D1004D1F7C /* Resources */ = {
			isa = PBXResourcesBuildPhase;
			buildActionMask = 2147483647;
			files = (
				3787F4132A4F69D3004D1F7C /* Preview Assets.xcassets in Resources */,
				3787F4102A4F69D3004D1F7C /* Assets.xcassets in Resources */,
				377346162A99CA990040DB93 /* GoogleService-Info.plist in Resources */,
			);
			runOnlyForDeploymentPostprocessing = 0;
		};
		3787F4172A4F69D3004D1F7C /* Resources */ = {
			isa = PBXResourcesBuildPhase;
			buildActionMask = 2147483647;
			files = (
			);
			runOnlyForDeploymentPostprocessing = 0;
		};
		3787F4222A4F69D3004D1F7C /* Resources */ = {
			isa = PBXResourcesBuildPhase;
			buildActionMask = 2147483647;
			files = (
			);
			runOnlyForDeploymentPostprocessing = 0;
		};
/* End PBXResourcesBuildPhase section */

/* Begin PBXSourcesBuildPhase section */
		3787F4042A4F69D1004D1F7C /* Sources */ = {
			isa = PBXSourcesBuildPhase;
			buildActionMask = 2147483647;
			files = (
				372F830A2A5A479B007FA7F8 /* AddQuoteView.swift in Sources */,
				37EECEDE2A847B24006ADC26 /* TagView.swift in Sources */,
				377346252A99D1660040DB93 /* GoogleSiginBtn.swift in Sources */,
				372F82F22A58DFB1007FA7F8 /* TimeFormatting.swift in Sources */,
				372F82FA2A5913EC007FA7F8 /* ContentView.swift in Sources */,
				3773462D2A99D2700040DB93 /* +View.swift in Sources */,
				372697592A7305310054EC95 /* Quote.swift in Sources */,
				372F83022A5A3939007FA7F8 /* EditQuoteView.swift in Sources */,
				372697612A7306220054EC95 /* ViewModel.swift in Sources */,
				3787F40C2A4F69D2004D1F7C /* QuoteBookApp.swift in Sources */,
				3773461B2A99CFFE0040DB93 /* AppDelegate.swift in Sources */,
				377346202A99D1330040DB93 /* LoginScreen.swift in Sources */,
				C965A31B2AA4048B005E34AC /* ProfileView.swift in Sources */,
				3728E4A02A81B73B00BE6216 /* TagSelectionView.swift in Sources */,
			);
			runOnlyForDeploymentPostprocessing = 0;
		};
		3787F4152A4F69D3004D1F7C /* Sources */ = {
			isa = PBXSourcesBuildPhase;
			buildActionMask = 2147483647;
			files = (
				3787F41E2A4F69D3004D1F7C /* QuoteBookTests.swift in Sources */,
			);
			runOnlyForDeploymentPostprocessing = 0;
		};
		3787F4202A4F69D3004D1F7C /* Sources */ = {
			isa = PBXSourcesBuildPhase;
			buildActionMask = 2147483647;
			files = (
				3787F4292A4F69D3004D1F7C /* QuoteBookUITests.swift in Sources */,
			);
			runOnlyForDeploymentPostprocessing = 0;
		};
/* End PBXSourcesBuildPhase section */

/* Begin PBXTargetDependency section */
		3787F41B2A4F69D3004D1F7C /* PBXTargetDependency */ = {
			isa = PBXTargetDependency;
			target = 3787F4072A4F69D1004D1F7C /* QuoteBook */;
			targetProxy = 3787F41A2A4F69D3004D1F7C /* PBXContainerItemProxy */;
		};
		3787F4262A4F69D3004D1F7C /* PBXTargetDependency */ = {
			isa = PBXTargetDependency;
			target = 3787F4072A4F69D1004D1F7C /* QuoteBook */;
			targetProxy = 3787F4252A4F69D3004D1F7C /* PBXContainerItemProxy */;
		};
/* End PBXTargetDependency section */

/* Begin XCBuildConfiguration section */
		3787F42B2A4F69D3004D1F7C /* Debug */ = {
			isa = XCBuildConfiguration;
			buildSettings = {
				ALWAYS_SEARCH_USER_PATHS = NO;
				CLANG_ANALYZER_NONNULL = YES;
				CLANG_ANALYZER_NUMBER_OBJECT_CONVERSION = YES_AGGRESSIVE;
				CLANG_CXX_LANGUAGE_STANDARD = "gnu++14";
				CLANG_CXX_LIBRARY = "libc++";
				CLANG_ENABLE_MODULES = YES;
				CLANG_ENABLE_OBJC_ARC = YES;
				CLANG_ENABLE_OBJC_WEAK = YES;
				CLANG_WARN_BLOCK_CAPTURE_AUTORELEASING = YES;
				CLANG_WARN_BOOL_CONVERSION = YES;
				CLANG_WARN_COMMA = YES;
				CLANG_WARN_CONSTANT_CONVERSION = YES;
				CLANG_WARN_DEPRECATED_OBJC_IMPLEMENTATIONS = YES;
				CLANG_WARN_DIRECT_OBJC_ISA_USAGE = YES_ERROR;
				CLANG_WARN_DOCUMENTATION_COMMENTS = YES;
				CLANG_WARN_EMPTY_BODY = YES;
				CLANG_WARN_ENUM_CONVERSION = YES;
				CLANG_WARN_INFINITE_RECURSION = YES;
				CLANG_WARN_INT_CONVERSION = YES;
				CLANG_WARN_NON_LITERAL_NULL_CONVERSION = YES;
				CLANG_WARN_OBJC_IMPLICIT_RETAIN_SELF = YES;
				CLANG_WARN_OBJC_LITERAL_CONVERSION = YES;
				CLANG_WARN_OBJC_ROOT_CLASS = YES_ERROR;
				CLANG_WARN_QUOTED_INCLUDE_IN_FRAMEWORK_HEADER = YES;
				CLANG_WARN_RANGE_LOOP_ANALYSIS = YES;
				CLANG_WARN_STRICT_PROTOTYPES = YES;
				CLANG_WARN_SUSPICIOUS_MOVE = YES;
				CLANG_WARN_UNGUARDED_AVAILABILITY = YES_AGGRESSIVE;
				CLANG_WARN_UNREACHABLE_CODE = YES;
				CLANG_WARN__DUPLICATE_METHOD_MATCH = YES;
				COPY_PHASE_STRIP = NO;
				DEBUG_INFORMATION_FORMAT = dwarf;
				ENABLE_STRICT_OBJC_MSGSEND = YES;
				ENABLE_TESTABILITY = YES;
				GCC_C_LANGUAGE_STANDARD = gnu11;
				GCC_DYNAMIC_NO_PIC = NO;
				GCC_NO_COMMON_BLOCKS = YES;
				GCC_OPTIMIZATION_LEVEL = 0;
				GCC_PREPROCESSOR_DEFINITIONS = (
					"DEBUG=1",
					"$(inherited)",
				);
				GCC_WARN_64_TO_32_BIT_CONVERSION = YES;
				GCC_WARN_ABOUT_RETURN_TYPE = YES_ERROR;
				GCC_WARN_UNDECLARED_SELECTOR = YES;
				GCC_WARN_UNINITIALIZED_AUTOS = YES_AGGRESSIVE;
				GCC_WARN_UNUSED_FUNCTION = YES;
				GCC_WARN_UNUSED_VARIABLE = YES;
				IPHONEOS_DEPLOYMENT_TARGET = 14.4;
				MTL_ENABLE_DEBUG_INFO = INCLUDE_SOURCE;
				MTL_FAST_MATH = YES;
				ONLY_ACTIVE_ARCH = YES;
				SDKROOT = iphoneos;
				SWIFT_ACTIVE_COMPILATION_CONDITIONS = DEBUG;
				SWIFT_OPTIMIZATION_LEVEL = "-Onone";
			};
			name = Debug;
		};
		3787F42C2A4F69D3004D1F7C /* Release */ = {
			isa = XCBuildConfiguration;
			buildSettings = {
				ALWAYS_SEARCH_USER_PATHS = NO;
				CLANG_ANALYZER_NONNULL = YES;
				CLANG_ANALYZER_NUMBER_OBJECT_CONVERSION = YES_AGGRESSIVE;
				CLANG_CXX_LANGUAGE_STANDARD = "gnu++14";
				CLANG_CXX_LIBRARY = "libc++";
				CLANG_ENABLE_MODULES = YES;
				CLANG_ENABLE_OBJC_ARC = YES;
				CLANG_ENABLE_OBJC_WEAK = YES;
				CLANG_WARN_BLOCK_CAPTURE_AUTORELEASING = YES;
				CLANG_WARN_BOOL_CONVERSION = YES;
				CLANG_WARN_COMMA = YES;
				CLANG_WARN_CONSTANT_CONVERSION = YES;
				CLANG_WARN_DEPRECATED_OBJC_IMPLEMENTATIONS = YES;
				CLANG_WARN_DIRECT_OBJC_ISA_USAGE = YES_ERROR;
				CLANG_WARN_DOCUMENTATION_COMMENTS = YES;
				CLANG_WARN_EMPTY_BODY = YES;
				CLANG_WARN_ENUM_CONVERSION = YES;
				CLANG_WARN_INFINITE_RECURSION = YES;
				CLANG_WARN_INT_CONVERSION = YES;
				CLANG_WARN_NON_LITERAL_NULL_CONVERSION = YES;
				CLANG_WARN_OBJC_IMPLICIT_RETAIN_SELF = YES;
				CLANG_WARN_OBJC_LITERAL_CONVERSION = YES;
				CLANG_WARN_OBJC_ROOT_CLASS = YES_ERROR;
				CLANG_WARN_QUOTED_INCLUDE_IN_FRAMEWORK_HEADER = YES;
				CLANG_WARN_RANGE_LOOP_ANALYSIS = YES;
				CLANG_WARN_STRICT_PROTOTYPES = YES;
				CLANG_WARN_SUSPICIOUS_MOVE = YES;
				CLANG_WARN_UNGUARDED_AVAILABILITY = YES_AGGRESSIVE;
				CLANG_WARN_UNREACHABLE_CODE = YES;
				CLANG_WARN__DUPLICATE_METHOD_MATCH = YES;
				COPY_PHASE_STRIP = NO;
				DEBUG_INFORMATION_FORMAT = "dwarf-with-dsym";
				ENABLE_NS_ASSERTIONS = NO;
				ENABLE_STRICT_OBJC_MSGSEND = YES;
				GCC_C_LANGUAGE_STANDARD = gnu11;
				GCC_NO_COMMON_BLOCKS = YES;
				GCC_WARN_64_TO_32_BIT_CONVERSION = YES;
				GCC_WARN_ABOUT_RETURN_TYPE = YES_ERROR;
				GCC_WARN_UNDECLARED_SELECTOR = YES;
				GCC_WARN_UNINITIALIZED_AUTOS = YES_AGGRESSIVE;
				GCC_WARN_UNUSED_FUNCTION = YES;
				GCC_WARN_UNUSED_VARIABLE = YES;
				IPHONEOS_DEPLOYMENT_TARGET = 14.4;
				MTL_ENABLE_DEBUG_INFO = NO;
				MTL_FAST_MATH = YES;
				SDKROOT = iphoneos;
				SWIFT_COMPILATION_MODE = wholemodule;
				SWIFT_OPTIMIZATION_LEVEL = "-O";
				VALIDATE_PRODUCT = YES;
			};
			name = Release;
		};
		3787F42E2A4F69D3004D1F7C /* Debug */ = {
			isa = XCBuildConfiguration;
			buildSettings = {
				ASSETCATALOG_COMPILER_APPICON_NAME = AppIcon;
				ASSETCATALOG_COMPILER_GLOBAL_ACCENT_COLOR_NAME = AccentColor;
				CODE_SIGN_ENTITLEMENTS = QuoteBook/QuoteBook.entitlements;
				CODE_SIGN_STYLE = Automatic;
				DEVELOPMENT_ASSET_PATHS = "\"QuoteBook/Preview Content\"";
				DEVELOPMENT_TEAM = "";
				ENABLE_PREVIEWS = YES;
				INFOPLIST_FILE = QuoteBook/Info.plist;
				IPHONEOS_DEPLOYMENT_TARGET = 14.0;
				LD_RUNPATH_SEARCH_PATHS = (
					"$(inherited)",
					"@executable_path/Frameworks",
				);
				PRODUCT_BUNDLE_IDENTIFIER = ViRtuAl.QuoteBook;
				PRODUCT_NAME = "$(TARGET_NAME)";
				SWIFT_VERSION = 5.0;
				TARGETED_DEVICE_FAMILY = "1,2";
			};
			name = Debug;
		};
		3787F42F2A4F69D3004D1F7C /* Release */ = {
			isa = XCBuildConfiguration;
			buildSettings = {
				ASSETCATALOG_COMPILER_APPICON_NAME = AppIcon;
				ASSETCATALOG_COMPILER_GLOBAL_ACCENT_COLOR_NAME = AccentColor;
				CODE_SIGN_ENTITLEMENTS = QuoteBook/QuoteBook.entitlements;
				CODE_SIGN_STYLE = Automatic;
				DEVELOPMENT_ASSET_PATHS = "\"QuoteBook/Preview Content\"";
				DEVELOPMENT_TEAM = "";
				ENABLE_PREVIEWS = YES;
				INFOPLIST_FILE = QuoteBook/Info.plist;
				IPHONEOS_DEPLOYMENT_TARGET = 14.0;
				LD_RUNPATH_SEARCH_PATHS = (
					"$(inherited)",
					"@executable_path/Frameworks",
				);
				PRODUCT_BUNDLE_IDENTIFIER = ViRtuAl.QuoteBook;
				PRODUCT_NAME = "$(TARGET_NAME)";
				SWIFT_VERSION = 5.0;
				TARGETED_DEVICE_FAMILY = "1,2";
			};
			name = Release;
		};
		3787F4312A4F69D3004D1F7C /* Debug */ = {
			isa = XCBuildConfiguration;
			buildSettings = {
				ALWAYS_EMBED_SWIFT_STANDARD_LIBRARIES = YES;
				BUNDLE_LOADER = "$(TEST_HOST)";
				CODE_SIGN_STYLE = Automatic;
				DEVELOPMENT_TEAM = "";
				INFOPLIST_FILE = QuoteBookTests/Info.plist;
				IPHONEOS_DEPLOYMENT_TARGET = 14.0;
				LD_RUNPATH_SEARCH_PATHS = (
					"$(inherited)",
					"@executable_path/Frameworks",
					"@loader_path/Frameworks",
				);
				PRODUCT_BUNDLE_IDENTIFIER = ViRtuAl.QuoteBookTests;
				PRODUCT_NAME = "$(TARGET_NAME)";
				SWIFT_VERSION = 5.0;
				TARGETED_DEVICE_FAMILY = "1,2";
				TEST_HOST = "$(BUILT_PRODUCTS_DIR)/QuoteBook.app/QuoteBook";
			};
			name = Debug;
		};
		3787F4322A4F69D3004D1F7C /* Release */ = {
			isa = XCBuildConfiguration;
			buildSettings = {
				ALWAYS_EMBED_SWIFT_STANDARD_LIBRARIES = YES;
				BUNDLE_LOADER = "$(TEST_HOST)";
				CODE_SIGN_STYLE = Automatic;
				DEVELOPMENT_TEAM = "";
				INFOPLIST_FILE = QuoteBookTests/Info.plist;
				IPHONEOS_DEPLOYMENT_TARGET = 14.0;
				LD_RUNPATH_SEARCH_PATHS = (
					"$(inherited)",
					"@executable_path/Frameworks",
					"@loader_path/Frameworks",
				);
				PRODUCT_BUNDLE_IDENTIFIER = ViRtuAl.QuoteBookTests;
				PRODUCT_NAME = "$(TARGET_NAME)";
				SWIFT_VERSION = 5.0;
				TARGETED_DEVICE_FAMILY = "1,2";
				TEST_HOST = "$(BUILT_PRODUCTS_DIR)/QuoteBook.app/QuoteBook";
			};
			name = Release;
		};
		3787F4342A4F69D3004D1F7C /* Debug */ = {
			isa = XCBuildConfiguration;
			buildSettings = {
				ALWAYS_EMBED_SWIFT_STANDARD_LIBRARIES = YES;
				CODE_SIGN_STYLE = Automatic;
				DEVELOPMENT_TEAM = "";
				INFOPLIST_FILE = QuoteBookUITests/Info.plist;
				LD_RUNPATH_SEARCH_PATHS = (
					"$(inherited)",
					"@executable_path/Frameworks",
					"@loader_path/Frameworks",
				);
				PRODUCT_BUNDLE_IDENTIFIER = ViRtuAl.QuoteBookUITests;
				PRODUCT_NAME = "$(TARGET_NAME)";
				SWIFT_VERSION = 5.0;
				TARGETED_DEVICE_FAMILY = "1,2";
				TEST_TARGET_NAME = QuoteBook;
			};
			name = Debug;
		};
		3787F4352A4F69D3004D1F7C /* Release */ = {
			isa = XCBuildConfiguration;
			buildSettings = {
				ALWAYS_EMBED_SWIFT_STANDARD_LIBRARIES = YES;
				CODE_SIGN_STYLE = Automatic;
				DEVELOPMENT_TEAM = "";
				INFOPLIST_FILE = QuoteBookUITests/Info.plist;
				LD_RUNPATH_SEARCH_PATHS = (
					"$(inherited)",
					"@executable_path/Frameworks",
					"@loader_path/Frameworks",
				);
				PRODUCT_BUNDLE_IDENTIFIER = ViRtuAl.QuoteBookUITests;
				PRODUCT_NAME = "$(TARGET_NAME)";
				SWIFT_VERSION = 5.0;
				TARGETED_DEVICE_FAMILY = "1,2";
				TEST_TARGET_NAME = QuoteBook;
			};
			name = Release;
		};
/* End XCBuildConfiguration section */

/* Begin XCConfigurationList section */
		3787F4032A4F69D1004D1F7C /* Build configuration list for PBXProject "QuoteBook" */ = {
			isa = XCConfigurationList;
			buildConfigurations = (
				3787F42B2A4F69D3004D1F7C /* Debug */,
				3787F42C2A4F69D3004D1F7C /* Release */,
			);
			defaultConfigurationIsVisible = 0;
			defaultConfigurationName = Release;
		};
		3787F42D2A4F69D3004D1F7C /* Build configuration list for PBXNativeTarget "QuoteBook" */ = {
			isa = XCConfigurationList;
			buildConfigurations = (
				3787F42E2A4F69D3004D1F7C /* Debug */,
				3787F42F2A4F69D3004D1F7C /* Release */,
			);
			defaultConfigurationIsVisible = 0;
			defaultConfigurationName = Release;
		};
		3787F4302A4F69D3004D1F7C /* Build configuration list for PBXNativeTarget "QuoteBookTests" */ = {
			isa = XCConfigurationList;
			buildConfigurations = (
				3787F4312A4F69D3004D1F7C /* Debug */,
				3787F4322A4F69D3004D1F7C /* Release */,
			);
			defaultConfigurationIsVisible = 0;
			defaultConfigurationName = Release;
		};
		3787F4332A4F69D3004D1F7C /* Build configuration list for PBXNativeTarget "QuoteBookUITests" */ = {
			isa = XCConfigurationList;
			buildConfigurations = (
				3787F4342A4F69D3004D1F7C /* Debug */,
				3787F4352A4F69D3004D1F7C /* Release */,
			);
			defaultConfigurationIsVisible = 0;
			defaultConfigurationName = Release;
		};
/* End XCConfigurationList section */

/* Begin XCRemoteSwiftPackageReference section */
		3728E4A42A81CC3C00BE6216 /* XCRemoteSwiftPackageReference "HalfASheet" */ = {
			isa = XCRemoteSwiftPackageReference;
			repositoryURL = "https://github.com/franklynw/HalfASheet.git";
			requirement = {
				kind = upToNextMajorVersion;
				minimumVersion = 1.0.2;
			};
		};
		376375472A71C667007969C9 /* XCRemoteSwiftPackageReference "GoogleSignIn-iOS" */ = {
			isa = XCRemoteSwiftPackageReference;
			repositoryURL = "https://github.com/google/GoogleSignIn-iOS";
			requirement = {
				kind = upToNextMajorVersion;
				minimumVersion = 7.0.0;
			};
		};
		37A3AB212A70E38E00F04FB7 /* XCRemoteSwiftPackageReference "firebase-ios-sdk" */ = {
			isa = XCRemoteSwiftPackageReference;
			repositoryURL = "https://github.com/firebase/firebase-ios-sdk";
			requirement = {
				kind = exactVersion;
				version = 10.7.0;
			};
		};
		C965A3382AA41F06005E34AC /* XCRemoteSwiftPackageReference "SDWebImageSwiftUI" */ = {
			isa = XCRemoteSwiftPackageReference;
			repositoryURL = "https://github.com/SDWebImage/SDWebImageSwiftUI.git";
			requirement = {
				kind = upToNextMajorVersion;
				minimumVersion = 2.0.0;
			};
		};
		C9FBAAFE2AA55D6C003E8553 /* XCRemoteSwiftPackageReference "OmenTextField" */ = {
			isa = XCRemoteSwiftPackageReference;
			repositoryURL = "https://github.com/kitlangton/OmenTextField.git";
			requirement = {
				kind = upToNextMajorVersion;
				minimumVersion = 0.0.6;
			};
		};
/* End XCRemoteSwiftPackageReference section */

/* Begin XCSwiftPackageProductDependency section */
		3726976E2A73085E0054EC95 /* FirebaseFirestore */ = {
			isa = XCSwiftPackageProductDependency;
			package = 37A3AB212A70E38E00F04FB7 /* XCRemoteSwiftPackageReference "firebase-ios-sdk" */;
			productName = FirebaseFirestore;
		};
		372697702A73085E0054EC95 /* FirebaseFirestoreSwift */ = {
			isa = XCSwiftPackageProductDependency;
			package = 37A3AB212A70E38E00F04FB7 /* XCRemoteSwiftPackageReference "firebase-ios-sdk" */;
			productName = FirebaseFirestoreSwift;
		};
		3728E4A52A81CC3C00BE6216 /* HalfASheet */ = {
			isa = XCSwiftPackageProductDependency;
			package = 3728E4A42A81CC3C00BE6216 /* XCRemoteSwiftPackageReference "HalfASheet" */;
			productName = HalfASheet;
		};
		376375422A71ABD7007969C9 /* FirebaseAuth */ = {
			isa = XCSwiftPackageProductDependency;
			package = 37A3AB212A70E38E00F04FB7 /* XCRemoteSwiftPackageReference "firebase-ios-sdk" */;
			productName = FirebaseAuth;
		};
		376375482A71C667007969C9 /* GoogleSignIn */ = {
			isa = XCSwiftPackageProductDependency;
			package = 376375472A71C667007969C9 /* XCRemoteSwiftPackageReference "GoogleSignIn-iOS" */;
			productName = GoogleSignIn;
		};
		3763754A2A71C667007969C9 /* GoogleSignInSwift */ = {
			isa = XCSwiftPackageProductDependency;
			package = 376375472A71C667007969C9 /* XCRemoteSwiftPackageReference "GoogleSignIn-iOS" */;
			productName = GoogleSignInSwift;
		};
		37A3AB222A70E38E00F04FB7 /* FirebaseAnalytics */ = {
			isa = XCSwiftPackageProductDependency;
			package = 37A3AB212A70E38E00F04FB7 /* XCRemoteSwiftPackageReference "firebase-ios-sdk" */;
			productName = FirebaseAnalytics;
		};
		37A3AB242A70E38E00F04FB7 /* FirebaseAnalyticsSwift */ = {
			isa = XCSwiftPackageProductDependency;
			package = 37A3AB212A70E38E00F04FB7 /* XCRemoteSwiftPackageReference "firebase-ios-sdk" */;
			productName = FirebaseAnalyticsSwift;
		};
		C965A3392AA41F07005E34AC /* SDWebImageSwiftUI */ = {
			isa = XCSwiftPackageProductDependency;
			package = C965A3382AA41F06005E34AC /* XCRemoteSwiftPackageReference "SDWebImageSwiftUI" */;
			productName = SDWebImageSwiftUI;
		};
		C9FBAAFF2AA55D6C003E8553 /* OmenTextField */ = {
			isa = XCSwiftPackageProductDependency;
			package = C9FBAAFE2AA55D6C003E8553 /* XCRemoteSwiftPackageReference "OmenTextField" */;
			productName = OmenTextField;
		};
/* End XCSwiftPackageProductDependency section */
	};
	rootObject = 3787F4002A4F69D1004D1F7C /* Project object */;
}
